
Microsoft Visual Studio Solution File, Format Version 12.00
# Visual Studio 15
VisualStudioVersion = 15.0.28307.271
MinimumVisualStudioVersion = 10.0.40219.1
Project("{2150E333-8FDC-42A3-9474-1A3956D46DE8}") = "Domain", "Domain", "{6605FE93-0ECE-4A77-B235-7FE25AD6DB54}"
EndProject
Project("{2150E333-8FDC-42A3-9474-1A3956D46DE8}") = "Microservices", "Microservices", "{CBD8B198-7E33-4FF8-9E4A-329C5BE19A63}"
EndProject
Project("{2150E333-8FDC-42A3-9474-1A3956D46DE8}") = "Infra.Bus", "Infra.Bus", "{D2FCF7A3-00E3-44D7-B2A5-1A3561B57CE1}"
EndProject
Project("{2150E333-8FDC-42A3-9474-1A3956D46DE8}") = "Infra.IoC", "Infra.IoC", "{EF857182-9AE9-498F-B342-CA1F79BF4AFD}"
EndProject
Project("{2150E333-8FDC-42A3-9474-1A3956D46DE8}") = "Presentation", "Presentation", "{C2006019-05FB-4112-9C1A-FE020B6DD160}"
EndProject
Project("{9A19103F-16F7-4668-BE54-9A1E7A4F7556}") = "MicroServiceRabbit.Domain.Core", "MicroServiceRabbit.Domain.Core\MicroServiceRabbit.Domain.Core.csproj", "{E3EEE875-97A0-4B68-9284-AF2FA657A81D}"
EndProject
Project("{9A19103F-16F7-4668-BE54-9A1E7A4F7556}") = "MicroServiceRabbit.Infra.Bus", "MicroServiceRabbit.Infra.Bus\MicroServiceRabbit.Infra.Bus.csproj", "{85632219-B13C-43A5-A87E-1553DCD532B2}"
EndProject
Project("{9A19103F-16F7-4668-BE54-9A1E7A4F7556}") = "MicroServiceRabbit.Infra.IoC", "MicroServiceRabbit.Infra.IoC\MicroServiceRabbit.Infra.IoC.csproj", "{A128BCE8-BFAC-4234-8B66-CDEA082F91F4}"
EndProject
Project("{2150E333-8FDC-42A3-9474-1A3956D46DE8}") = "Banking", "Banking", "{0E2696E1-D6EA-4200-A668-59B86EEF0467}"
EndProject
Project("{2150E333-8FDC-42A3-9474-1A3956D46DE8}") = "API", "API", "{FEB85DF7-7C56-43E1-ACC5-1432B5DB9FC6}"
EndProject
Project("{2150E333-8FDC-42A3-9474-1A3956D46DE8}") = "Application", "Application", "{4200DF4B-657B-442E-A6F1-CA8EF9FF780D}"
EndProject
Project("{2150E333-8FDC-42A3-9474-1A3956D46DE8}") = "Data", "Data", "{612E00D8-40B0-4CF0-B234-DB56F4266F53}"
EndProject
Project("{2150E333-8FDC-42A3-9474-1A3956D46DE8}") = "Domain", "Domain", "{FA87BB83-794D-40A1-A494-C5793759321A}"
EndProject
Project("{9A19103F-16F7-4668-BE54-9A1E7A4F7556}") = "MicroServiceRabbit.Banking.Api", "MicroServiceRabbit.Banking.Api\MicroServiceRabbit.Banking.Api.csproj", "{7D803092-6389-481F-AFC7-18C6404565D5}"
EndProject
Project("{9A19103F-16F7-4668-BE54-9A1E7A4F7556}") = "MicroServiceRabbit.Banking.Application", "MicroServiceRabbit.Banking.Application\MicroServiceRabbit.Banking.Application.csproj", "{8713E8C8-2047-42DA-AA24-05A843BEF6C0}"
EndProject
Project("{9A19103F-16F7-4668-BE54-9A1E7A4F7556}") = "MicroServiceRabbit.Banking.Domain", "MicroServiceRabbit.Banking.Domain\MicroServiceRabbit.Banking.Domain.csproj", "{268630C0-725B-4EEF-A035-79948908F548}"
EndProject
Project("{FAE04EC0-301F-11D3-BF4B-00C04F79EFBC}") = "MicroServiceRabbit.Banking.Data", "MicroServiceRabbit.Banking.Data\MicroServiceRabbit.Banking.Data.csproj", "{BD3C70E3-90EF-40CD-86A3-B583F554AF48}"
EndProject
Global
	GlobalSection(SolutionConfigurationPlatforms) = preSolution
		Debug|Any CPU = Debug|Any CPU
		Release|Any CPU = Release|Any CPU
	EndGlobalSection
	GlobalSection(ProjectConfigurationPlatforms) = postSolution
		{E3EEE875-97A0-4B68-9284-AF2FA657A81D}.Debug|Any CPU.ActiveCfg = Debug|Any CPU
		{E3EEE875-97A0-4B68-9284-AF2FA657A81D}.Debug|Any CPU.Build.0 = Debug|Any CPU
		{E3EEE875-97A0-4B68-9284-AF2FA657A81D}.Release|Any CPU.ActiveCfg = Release|Any CPU
		{E3EEE875-97A0-4B68-9284-AF2FA657A81D}.Release|Any CPU.Build.0 = Release|Any CPU
		{85632219-B13C-43A5-A87E-1553DCD532B2}.Debug|Any CPU.ActiveCfg = Debug|Any CPU
		{85632219-B13C-43A5-A87E-1553DCD532B2}.Debug|Any CPU.Build.0 = Debug|Any CPU
		{85632219-B13C-43A5-A87E-1553DCD532B2}.Release|Any CPU.ActiveCfg = Release|Any CPU
		{85632219-B13C-43A5-A87E-1553DCD532B2}.Release|Any CPU.Build.0 = Release|Any CPU
		{A128BCE8-BFAC-4234-8B66-CDEA082F91F4}.Debug|Any CPU.ActiveCfg = Debug|Any CPU
		{A128BCE8-BFAC-4234-8B66-CDEA082F91F4}.Debug|Any CPU.Build.0 = Debug|Any CPU
		{A128BCE8-BFAC-4234-8B66-CDEA082F91F4}.Release|Any CPU.ActiveCfg = Release|Any CPU
		{A128BCE8-BFAC-4234-8B66-CDEA082F91F4}.Release|Any CPU.Build.0 = Release|Any CPU
		{7D803092-6389-481F-AFC7-18C6404565D5}.Debug|Any CPU.ActiveCfg = Debug|Any CPU
		{7D803092-6389-481F-AFC7-18C6404565D5}.Debug|Any CPU.Build.0 = Debug|Any CPU
		{7D803092-6389-481F-AFC7-18C6404565D5}.Release|Any CPU.ActiveCfg = Release|Any CPU
		{7D803092-6389-481F-AFC7-18C6404565D5}.Release|Any CPU.Build.0 = Release|Any CPU
		{8713E8C8-2047-42DA-AA24-05A843BEF6C0}.Debug|Any CPU.ActiveCfg = Debug|Any CPU
		{8713E8C8-2047-42DA-AA24-05A843BEF6C0}.Debug|Any CPU.Build.0 = Debug|Any CPU
		{8713E8C8-2047-42DA-AA24-05A843BEF6C0}.Release|Any CPU.ActiveCfg = Release|Any CPU
		{8713E8C8-2047-42DA-AA24-05A843BEF6C0}.Release|Any CPU.Build.0 = Release|Any CPU
		{268630C0-725B-4EEF-A035-79948908F548}.Debug|Any CPU.ActiveCfg = Debug|Any CPU
		{268630C0-725B-4EEF-A035-79948908F548}.Debug|Any CPU.Build.0 = Debug|Any CPU
		{268630C0-725B-4EEF-A035-79948908F548}.Release|Any CPU.ActiveCfg = Release|Any CPU
		{268630C0-725B-4EEF-A035-79948908F548}.Release|Any CPU.Build.0 = Release|Any CPU
		{BD3C70E3-90EF-40CD-86A3-B583F554AF48}.Debug|Any CPU.ActiveCfg = Debug|Any CPU
		{BD3C70E3-90EF-40CD-86A3-B583F554AF48}.Debug|Any CPU.Build.0 = Debug|Any CPU
		{BD3C70E3-90EF-40CD-86A3-B583F554AF48}.Release|Any CPU.ActiveCfg = Release|Any CPU
		{BD3C70E3-90EF-40CD-86A3-B583F554AF48}.Release|Any CPU.Build.0 = Release|Any CPU
	EndGlobalSection
	GlobalSection(SolutionProperties) = preSolution
		HideSolutionNode = FALSE
	EndGlobalSection
	GlobalSection(NestedProjects) = preSolution
		{E3EEE875-97A0-4B68-9284-AF2FA657A81D} = {6605FE93-0ECE-4A77-B235-7FE25AD6DB54}
		{85632219-B13C-43A5-A87E-1553DCD532B2} = {D2FCF7A3-00E3-44D7-B2A5-1A3561B57CE1}
		{A128BCE8-BFAC-4234-8B66-CDEA082F91F4} = {EF857182-9AE9-498F-B342-CA1F79BF4AFD}
		{0E2696E1-D6EA-4200-A668-59B86EEF0467} = {CBD8B198-7E33-4FF8-9E4A-329C5BE19A63}
		{FEB85DF7-7C56-43E1-ACC5-1432B5DB9FC6} = {0E2696E1-D6EA-4200-A668-59B86EEF0467}
		{4200DF4B-657B-442E-A6F1-CA8EF9FF780D} = {0E2696E1-D6EA-4200-A668-59B86EEF0467}
		{612E00D8-40B0-4CF0-B234-DB56F4266F53} = {0E2696E1-D6EA-4200-A668-59B86EEF0467}
		{FA87BB83-794D-40A1-A494-C5793759321A} = {0E2696E1-D6EA-4200-A668-59B86EEF0467}
		{7D803092-6389-481F-AFC7-18C6404565D5} = {FEB85DF7-7C56-43E1-ACC5-1432B5DB9FC6}
		{8713E8C8-2047-42DA-AA24-05A843BEF6C0} = {4200DF4B-657B-442E-A6F1-CA8EF9FF780D}
		{268630C0-725B-4EEF-A035-79948908F548} = {FA87BB83-794D-40A1-A494-C5793759321A}
		{BD3C70E3-90EF-40CD-86A3-B583F554AF48} = {612E00D8-40B0-4CF0-B234-DB56F4266F53}
	EndGlobalSection
	GlobalSection(ExtensibilityGlobals) = postSolution
		SolutionGuid = {98A7C250-D358-46AF-95D2-F349562DC919}
	EndGlobalSection
EndGlobal
